// !$*UTF8*$!
{
	archiveVersion = 1;
	classes = {
	};
	objectVersion = 46;
	objects = {

/* Begin PBXBuildFile section */
		B1ECE4B41C41D1090038EBC0 /* Mentors.storyboard in Resources */ = {isa = PBXBuildFile; fileRef = B1ECE4B31C41D1090038EBC0 /* Mentors.storyboard */; };
		C2066DD41BC570DB00108981 /* AppDelegate.swift in Sources */ = {isa = PBXBuildFile; fileRef = C2066DD31BC570DB00108981 /* AppDelegate.swift */; };
		C2066DD91BC570DB00108981 /* Main.storyboard in Resources */ = {isa = PBXBuildFile; fileRef = C2066DD71BC570DB00108981 /* Main.storyboard */; };
		C2066DDB1BC570DB00108981 /* Assets.xcassets in Resources */ = {isa = PBXBuildFile; fileRef = C2066DDA1BC570DB00108981 /* Assets.xcassets */; };
		C2066DDE1BC570DB00108981 /* LaunchScreen.storyboard in Resources */ = {isa = PBXBuildFile; fileRef = C2066DDC1BC570DB00108981 /* LaunchScreen.storyboard */; };
		C2066DE91BC570DC00108981 /* HackTheCityTests.swift in Sources */ = {isa = PBXBuildFile; fileRef = C2066DE81BC570DC00108981 /* HackTheCityTests.swift */; };
		C2066DF41BC570DC00108981 /* HackTheCityUITests.swift in Sources */ = {isa = PBXBuildFile; fileRef = C2066DF31BC570DC00108981 /* HackTheCityUITests.swift */; };
		C2129D431C41D2F800AEBDA3 /* Schedule.storyboard in Resources */ = {isa = PBXBuildFile; fileRef = C2129D421C41D2F800AEBDA3 /* Schedule.storyboard */; };
		C2129D451C41D30B00AEBDA3 /* Map.storyboard in Resources */ = {isa = PBXBuildFile; fileRef = C2129D441C41D30B00AEBDA3 /* Map.storyboard */; };
		C2129D471C41D39100AEBDA3 /* Announcements.storyboard in Resources */ = {isa = PBXBuildFile; fileRef = C2129D461C41D39100AEBDA3 /* Announcements.storyboard */; };
		C2129D491C41D57E00AEBDA3 /* ScheduleCell.swift in Sources */ = {isa = PBXBuildFile; fileRef = C2129D481C41D57E00AEBDA3 /* ScheduleCell.swift */; };
		C2FDA1C01C41ADE6000A0024 /* EventsViewController.swift in Sources */ = {isa = PBXBuildFile; fileRef = C2FDA1BF1C41ADE6000A0024 /* EventsViewController.swift */; };
		C2FDA1C21C41AE53000A0024 /* MapViewController.swift in Sources */ = {isa = PBXBuildFile; fileRef = C2FDA1C11C41AE53000A0024 /* MapViewController.swift */; };
		C2FDA1C41C41AE5D000A0024 /* MentorsViewController.swift in Sources */ = {isa = PBXBuildFile; fileRef = C2FDA1C31C41AE5D000A0024 /* MentorsViewController.swift */; };
		C2FDA1C61C41AECA000A0024 /* CustomNav.swift in Sources */ = {isa = PBXBuildFile; fileRef = C2FDA1C51C41AECA000A0024 /* CustomNav.swift */; };
		C2FDA1CA1C41B115000A0024 /* EventCell.swift in Sources */ = {isa = PBXBuildFile; fileRef = C2FDA1C91C41B115000A0024 /* EventCell.swift */; };
		C2FDA1CC1C41B380000A0024 /* Objects.swift in Sources */ = {isa = PBXBuildFile; fileRef = C2FDA1CB1C41B380000A0024 /* Objects.swift */; };
/* End PBXBuildFile section */

/* Begin PBXContainerItemProxy section */
		C2066DE51BC570DB00108981 /* PBXContainerItemProxy */ = {
			isa = PBXContainerItemProxy;
			containerPortal = C2066DC81BC570DB00108981 /* Project object */;
			proxyType = 1;
			remoteGlobalIDString = C2066DCF1BC570DB00108981;
			remoteInfo = HackTheCity;
		};
		C2066DF01BC570DC00108981 /* PBXContainerItemProxy */ = {
			isa = PBXContainerItemProxy;
			containerPortal = C2066DC81BC570DB00108981 /* Project object */;
			proxyType = 1;
			remoteGlobalIDString = C2066DCF1BC570DB00108981;
			remoteInfo = HackTheCity;
		};
/* End PBXContainerItemProxy section */

/* Begin PBXFileReference section */
		B1ECE4B31C41D1090038EBC0 /* Mentors.storyboard */ = {isa = PBXFileReference; fileEncoding = 4; lastKnownFileType = file.storyboard; path = Mentors.storyboard; sourceTree = "<group>"; };
		C2066DD01BC570DB00108981 /* HackTheCity.app */ = {isa = PBXFileReference; explicitFileType = wrapper.application; includeInIndex = 0; path = HackTheCity.app; sourceTree = BUILT_PRODUCTS_DIR; };
		C2066DD31BC570DB00108981 /* AppDelegate.swift */ = {isa = PBXFileReference; lastKnownFileType = sourcecode.swift; path = AppDelegate.swift; sourceTree = "<group>"; };
		C2066DD81BC570DB00108981 /* Base */ = {isa = PBXFileReference; lastKnownFileType = file.storyboard; name = Base; path = Base.lproj/Main.storyboard; sourceTree = "<group>"; };
		C2066DDA1BC570DB00108981 /* Assets.xcassets */ = {isa = PBXFileReference; lastKnownFileType = folder.assetcatalog; path = Assets.xcassets; sourceTree = "<group>"; };
		C2066DDD1BC570DB00108981 /* Base */ = {isa = PBXFileReference; lastKnownFileType = file.storyboard; name = Base; path = Base.lproj/LaunchScreen.storyboard; sourceTree = "<group>"; };
		C2066DDF1BC570DB00108981 /* Info.plist */ = {isa = PBXFileReference; lastKnownFileType = text.plist.xml; path = Info.plist; sourceTree = "<group>"; };
		C2066DE41BC570DB00108981 /* HackTheCityTests.xctest */ = {isa = PBXFileReference; explicitFileType = wrapper.cfbundle; includeInIndex = 0; path = HackTheCityTests.xctest; sourceTree = BUILT_PRODUCTS_DIR; };
		C2066DE81BC570DC00108981 /* HackTheCityTests.swift */ = {isa = PBXFileReference; lastKnownFileType = sourcecode.swift; path = HackTheCityTests.swift; sourceTree = "<group>"; };
		C2066DEA1BC570DC00108981 /* Info.plist */ = {isa = PBXFileReference; lastKnownFileType = text.plist.xml; path = Info.plist; sourceTree = "<group>"; };
		C2066DEF1BC570DC00108981 /* HackTheCityUITests.xctest */ = {isa = PBXFileReference; explicitFileType = wrapper.cfbundle; includeInIndex = 0; path = HackTheCityUITests.xctest; sourceTree = BUILT_PRODUCTS_DIR; };
		C2066DF31BC570DC00108981 /* HackTheCityUITests.swift */ = {isa = PBXFileReference; lastKnownFileType = sourcecode.swift; path = HackTheCityUITests.swift; sourceTree = "<group>"; };
		C2066DF51BC570DC00108981 /* Info.plist */ = {isa = PBXFileReference; lastKnownFileType = text.plist.xml; path = Info.plist; sourceTree = "<group>"; };
		C2129D421C41D2F800AEBDA3 /* Schedule.storyboard */ = {isa = PBXFileReference; fileEncoding = 4; lastKnownFileType = file.storyboard; path = Schedule.storyboard; sourceTree = "<group>"; };
		C2129D441C41D30B00AEBDA3 /* Map.storyboard */ = {isa = PBXFileReference; fileEncoding = 4; lastKnownFileType = file.storyboard; path = Map.storyboard; sourceTree = "<group>"; };
		C2129D461C41D39100AEBDA3 /* Announcements.storyboard */ = {isa = PBXFileReference; fileEncoding = 4; lastKnownFileType = file.storyboard; path = Announcements.storyboard; sourceTree = "<group>"; };
		C2129D481C41D57E00AEBDA3 /* ScheduleCell.swift */ = {isa = PBXFileReference; fileEncoding = 4; lastKnownFileType = sourcecode.swift; path = ScheduleCell.swift; sourceTree = "<group>"; };
		C2FDA1BF1C41ADE6000A0024 /* EventsViewController.swift */ = {isa = PBXFileReference; fileEncoding = 4; lastKnownFileType = sourcecode.swift; path = EventsViewController.swift; sourceTree = "<group>"; };
		C2FDA1C11C41AE53000A0024 /* MapViewController.swift */ = {isa = PBXFileReference; fileEncoding = 4; lastKnownFileType = sourcecode.swift; path = MapViewController.swift; sourceTree = "<group>"; };
		C2FDA1C31C41AE5D000A0024 /* MentorsViewController.swift */ = {isa = PBXFileReference; fileEncoding = 4; lastKnownFileType = sourcecode.swift; path = MentorsViewController.swift; sourceTree = "<group>"; };
		C2FDA1C51C41AECA000A0024 /* CustomNav.swift */ = {isa = PBXFileReference; fileEncoding = 4; lastKnownFileType = sourcecode.swift; path = CustomNav.swift; sourceTree = "<group>"; };
		C2FDA1C91C41B115000A0024 /* EventCell.swift */ = {isa = PBXFileReference; fileEncoding = 4; lastKnownFileType = sourcecode.swift; path = EventCell.swift; sourceTree = "<group>"; };
		C2FDA1CB1C41B380000A0024 /* Objects.swift */ = {isa = PBXFileReference; fileEncoding = 4; lastKnownFileType = sourcecode.swift; path = Objects.swift; sourceTree = "<group>"; };
/* End PBXFileReference section */

/* Begin PBXFrameworksBuildPhase section */
		C2066DCD1BC570DB00108981 /* Frameworks */ = {
			isa = PBXFrameworksBuildPhase;
			buildActionMask = 2147483647;
			files = (
			);
			runOnlyForDeploymentPostprocessing = 0;
		};
		C2066DE11BC570DB00108981 /* Frameworks */ = {
			isa = PBXFrameworksBuildPhase;
			buildActionMask = 2147483647;
			files = (
			);
			runOnlyForDeploymentPostprocessing = 0;
		};
		C2066DEC1BC570DC00108981 /* Frameworks */ = {
			isa = PBXFrameworksBuildPhase;
			buildActionMask = 2147483647;
			files = (
			);
			runOnlyForDeploymentPostprocessing = 0;
		};
/* End PBXFrameworksBuildPhase section */

/* Begin PBXGroup section */
		C2066DC71BC570DB00108981 = {
			isa = PBXGroup;
			children = (
				C2066DD21BC570DB00108981 /* HackTheCity */,
				C2066DE71BC570DB00108981 /* HackTheCityTests */,
				C2066DF21BC570DC00108981 /* HackTheCityUITests */,
				C2066DD11BC570DB00108981 /* Products */,
			);
			sourceTree = "<group>";
		};
		C2066DD11BC570DB00108981 /* Products */ = {
			isa = PBXGroup;
			children = (
				C2066DD01BC570DB00108981 /* HackTheCity.app */,
				C2066DE41BC570DB00108981 /* HackTheCityTests.xctest */,
				C2066DEF1BC570DC00108981 /* HackTheCityUITests.xctest */,
			);
			name = Products;
			sourceTree = "<group>";
		};
		C2066DD21BC570DB00108981 /* HackTheCity */ = {
			isa = PBXGroup;
			children = (
				C2066DD71BC570DB00108981 /* Main.storyboard */,
				C2FDA1C51C41AECA000A0024 /* CustomNav.swift */,
				C2129D4D1C41D5AA00AEBDA3 /* Schedule */,
				C2129D4C1C41D5A000AEBDA3 /* Announcements */,
				C2129D4B1C41D59800AEBDA3 /* Map */,
				C2129D4A1C41D58B00AEBDA3 /* Mentors */,
				C2066DD31BC570DB00108981 /* AppDelegate.swift */,
				C2066DDA1BC570DB00108981 /* Assets.xcassets */,
				C2066DDC1BC570DB00108981 /* LaunchScreen.storyboard */,
				C2066DDF1BC570DB00108981 /* Info.plist */,
			);
			path = HackTheCity;
			sourceTree = "<group>";
		};
		C2066DE71BC570DB00108981 /* HackTheCityTests */ = {
			isa = PBXGroup;
			children = (
				C2066DE81BC570DC00108981 /* HackTheCityTests.swift */,
				C2066DEA1BC570DC00108981 /* Info.plist */,
			);
			path = HackTheCityTests;
			sourceTree = "<group>";
		};
		C2066DF21BC570DC00108981 /* HackTheCityUITests */ = {
			isa = PBXGroup;
			children = (
				C2066DF31BC570DC00108981 /* HackTheCityUITests.swift */,
				C2066DF51BC570DC00108981 /* Info.plist */,
			);
			path = HackTheCityUITests;
			sourceTree = "<group>";
		};
		C2129D4A1C41D58B00AEBDA3 /* Mentors */ = {
			isa = PBXGroup;
			children = (
				B1ECE4B31C41D1090038EBC0 /* Mentors.storyboard */,
				C2FDA1C31C41AE5D000A0024 /* MentorsViewController.swift */,
			);
			name = Mentors;
			sourceTree = "<group>";
		};
		C2129D4B1C41D59800AEBDA3 /* Map */ = {
			isa = PBXGroup;
			children = (
				C2129D441C41D30B00AEBDA3 /* Map.storyboard */,
				C2FDA1C11C41AE53000A0024 /* MapViewController.swift */,
			);
			name = Map;
			sourceTree = "<group>";
		};
		C2129D4C1C41D5A000AEBDA3 /* Announcements */ = {
			isa = PBXGroup;
			children = (
				C2129D461C41D39100AEBDA3 /* Announcements.storyboard */,
				C2FDA1CB1C41B380000A0024 /* Objects.swift */,
				C2FDA1C91C41B115000A0024 /* EventCell.swift */,
			);
			name = Announcements;
			sourceTree = "<group>";
		};
		C2129D4D1C41D5AA00AEBDA3 /* Schedule */ = {
			isa = PBXGroup;
			children = (
				C2129D421C41D2F800AEBDA3 /* Schedule.storyboard */,
				C2129D481C41D57E00AEBDA3 /* ScheduleCell.swift */,
				C2FDA1BF1C41ADE6000A0024 /* EventsViewController.swift */,
			);
			name = Schedule;
			sourceTree = "<group>";
		};
/* End PBXGroup section */

/* Begin PBXNativeTarget section */
		C2066DCF1BC570DB00108981 /* HackTheCity */ = {
			isa = PBXNativeTarget;
			buildConfigurationList = C2066DF81BC570DC00108981 /* Build configuration list for PBXNativeTarget "HackTheCity" */;
			buildPhases = (
				C2066DCC1BC570DB00108981 /* Sources */,
				C2066DCD1BC570DB00108981 /* Frameworks */,
				C2066DCE1BC570DB00108981 /* Resources */,
			);
			buildRules = (
			);
			dependencies = (
			);
			name = HackTheCity;
			productName = HackTheCity;
			productReference = C2066DD01BC570DB00108981 /* HackTheCity.app */;
			productType = "com.apple.product-type.application";
		};
		C2066DE31BC570DB00108981 /* HackTheCityTests */ = {
			isa = PBXNativeTarget;
			buildConfigurationList = C2066DFB1BC570DC00108981 /* Build configuration list for PBXNativeTarget "HackTheCityTests" */;
			buildPhases = (
				C2066DE01BC570DB00108981 /* Sources */,
				C2066DE11BC570DB00108981 /* Frameworks */,
				C2066DE21BC570DB00108981 /* Resources */,
			);
			buildRules = (
			);
			dependencies = (
				C2066DE61BC570DB00108981 /* PBXTargetDependency */,
			);
			name = HackTheCityTests;
			productName = HackTheCityTests;
			productReference = C2066DE41BC570DB00108981 /* HackTheCityTests.xctest */;
			productType = "com.apple.product-type.bundle.unit-test";
		};
		C2066DEE1BC570DC00108981 /* HackTheCityUITests */ = {
			isa = PBXNativeTarget;
			buildConfigurationList = C2066DFE1BC570DC00108981 /* Build configuration list for PBXNativeTarget "HackTheCityUITests" */;
			buildPhases = (
				C2066DEB1BC570DC00108981 /* Sources */,
				C2066DEC1BC570DC00108981 /* Frameworks */,
				C2066DED1BC570DC00108981 /* Resources */,
			);
			buildRules = (
			);
			dependencies = (
				C2066DF11BC570DC00108981 /* PBXTargetDependency */,
			);
			name = HackTheCityUITests;
			productName = HackTheCityUITests;
			productReference = C2066DEF1BC570DC00108981 /* HackTheCityUITests.xctest */;
			productType = "com.apple.product-type.bundle.ui-testing";
		};
/* End PBXNativeTarget section */

/* Begin PBXProject section */
		C2066DC81BC570DB00108981 /* Project object */ = {
			isa = PBXProject;
			attributes = {
				LastUpgradeCheck = 0700;
				ORGANIZATIONNAME = Thatte;
				TargetAttributes = {
					C2066DCF1BC570DB00108981 = {
						CreatedOnToolsVersion = 7.0.1;
					};
					C2066DE31BC570DB00108981 = {
						CreatedOnToolsVersion = 7.0.1;
						TestTargetID = C2066DCF1BC570DB00108981;
					};
					C2066DEE1BC570DC00108981 = {
						CreatedOnToolsVersion = 7.0.1;
						TestTargetID = C2066DCF1BC570DB00108981;
					};
				};
			};
			buildConfigurationList = C2066DCB1BC570DB00108981 /* Build configuration list for PBXProject "HackTheCity" */;
			compatibilityVersion = "Xcode 3.2";
			developmentRegion = English;
			hasScannedForEncodings = 0;
			knownRegions = (
				en,
				Base,
			);
			mainGroup = C2066DC71BC570DB00108981;
			productRefGroup = C2066DD11BC570DB00108981 /* Products */;
			projectDirPath = "";
			projectRoot = "";
			targets = (
				C2066DCF1BC570DB00108981 /* HackTheCity */,
				C2066DE31BC570DB00108981 /* HackTheCityTests */,
				C2066DEE1BC570DC00108981 /* HackTheCityUITests */,
			);
		};
/* End PBXProject section */

/* Begin PBXResourcesBuildPhase section */
		C2066DCE1BC570DB00108981 /* Resources */ = {
			isa = PBXResourcesBuildPhase;
			buildActionMask = 2147483647;
			files = (
				C2066DDE1BC570DB00108981 /* LaunchScreen.storyboard in Resources */,
				C2129D471C41D39100AEBDA3 /* Announcements.storyboard in Resources */,
				B1ECE4B41C41D1090038EBC0 /* Mentors.storyboard in Resources */,
				C2066DDB1BC570DB00108981 /* Assets.xcassets in Resources */,
				C2066DD91BC570DB00108981 /* Main.storyboard in Resources */,
				C2129D431C41D2F800AEBDA3 /* Schedule.storyboard in Resources */,
				C2129D451C41D30B00AEBDA3 /* Map.storyboard in Resources */,
			);
			runOnlyForDeploymentPostprocessing = 0;
		};
		C2066DE21BC570DB00108981 /* Resources */ = {
			isa = PBXResourcesBuildPhase;
			buildActionMask = 2147483647;
			files = (
			);
			runOnlyForDeploymentPostprocessing = 0;
		};
		C2066DED1BC570DC00108981 /* Resources */ = {
			isa = PBXResourcesBuildPhase;
			buildActionMask = 2147483647;
			files = (
			);
			runOnlyForDeploymentPostprocessing = 0;
		};
/* End PBXResourcesBuildPhase section */

/* Begin PBXSourcesBuildPhase section */
		C2066DCC1BC570DB00108981 /* Sources */ = {
			isa = PBXSourcesBuildPhase;
			buildActionMask = 2147483647;
			files = (
				C2066DD41BC570DB00108981 /* AppDelegate.swift in Sources */,
				C2FDA1CC1C41B380000A0024 /* Objects.swift in Sources */,
				C2FDA1C61C41AECA000A0024 /* CustomNav.swift in Sources */,
				C2129D491C41D57E00AEBDA3 /* ScheduleCell.swift in Sources */,
				C2FDA1C01C41ADE6000A0024 /* EventsViewController.swift in Sources */,
				C2FDA1C41C41AE5D000A0024 /* MentorsViewController.swift in Sources */,
				C2FDA1C21C41AE53000A0024 /* MapViewController.swift in Sources */,
				C2FDA1CA1C41B115000A0024 /* EventCell.swift in Sources */,
			);
			runOnlyForDeploymentPostprocessing = 0;
		};
		C2066DE01BC570DB00108981 /* Sources */ = {
			isa = PBXSourcesBuildPhase;
			buildActionMask = 2147483647;
			files = (
				C2066DE91BC570DC00108981 /* HackTheCityTests.swift in Sources */,
			);
			runOnlyForDeploymentPostprocessing = 0;
		};
		C2066DEB1BC570DC00108981 /* Sources */ = {
			isa = PBXSourcesBuildPhase;
			buildActionMask = 2147483647;
			files = (
				C2066DF41BC570DC00108981 /* HackTheCityUITests.swift in Sources */,
			);
			runOnlyForDeploymentPostprocessing = 0;
		};
/* End PBXSourcesBuildPhase section */

/* Begin PBXTargetDependency section */
		C2066DE61BC570DB00108981 /* PBXTargetDependency */ = {
			isa = PBXTargetDependency;
			target = C2066DCF1BC570DB00108981 /* HackTheCity */;
			targetProxy = C2066DE51BC570DB00108981 /* PBXContainerItemProxy */;
		};
		C2066DF11BC570DC00108981 /* PBXTargetDependency */ = {
			isa = PBXTargetDependency;
			target = C2066DCF1BC570DB00108981 /* HackTheCity */;
			targetProxy = C2066DF01BC570DC00108981 /* PBXContainerItemProxy */;
		};
/* End PBXTargetDependency section */

/* Begin PBXVariantGroup section */
		C2066DD71BC570DB00108981 /* Main.storyboard */ = {
			isa = PBXVariantGroup;
			children = (
				C2066DD81BC570DB00108981 /* Base */,
			);
			name = Main.storyboard;
			sourceTree = "<group>";
		};
		C2066DDC1BC570DB00108981 /* LaunchScreen.storyboard */ = {
			isa = PBXVariantGroup;
			children = (
				C2066DDD1BC570DB00108981 /* Base */,
			);
			name = LaunchScreen.storyboard;
			sourceTree = "<group>";
		};
/* End PBXVariantGroup section */

/* Begin XCBuildConfiguration section */
		C2066DF61BC570DC00108981 /* Debug */ = {
			isa = XCBuildConfiguration;
			buildSettings = {
				ALWAYS_SEARCH_USER_PATHS = NO;
				CLANG_CXX_LANGUAGE_STANDARD = "gnu++0x";
				CLANG_CXX_LIBRARY = "libc++";
				CLANG_ENABLE_MODULES = YES;
				CLANG_ENABLE_OBJC_ARC = YES;
				CLANG_WARN_BOOL_CONVERSION = YES;
				CLANG_WARN_CONSTANT_CONVERSION = YES;
				CLANG_WARN_DIRECT_OBJC_ISA_USAGE = YES_ERROR;
				CLANG_WARN_EMPTY_BODY = YES;
				CLANG_WARN_ENUM_CONVERSION = YES;
				CLANG_WARN_INT_CONVERSION = YES;
				CLANG_WARN_OBJC_ROOT_CLASS = YES_ERROR;
				CLANG_WARN_UNREACHABLE_CODE = YES;
				CLANG_WARN__DUPLICATE_METHOD_MATCH = YES;
				"CODE_SIGN_IDENTITY[sdk=iphoneos*]" = "iPhone Developer";
				COPY_PHASE_STRIP = NO;
				DEBUG_INFORMATION_FORMAT = dwarf;
				ENABLE_STRICT_OBJC_MSGSEND = YES;
				ENABLE_TESTABILITY = YES;
				GCC_C_LANGUAGE_STANDARD = gnu99;
				GCC_DYNAMIC_NO_PIC = NO;
				GCC_NO_COMMON_BLOCKS = YES;
				GCC_OPTIMIZATION_LEVEL = 0;
				GCC_PREPROCESSOR_DEFINITIONS = (
					"DEBUG=1",
					"$(inherited)",
				);
				GCC_WARN_64_TO_32_BIT_CONVERSION = YES;
				GCC_WARN_ABOUT_RETURN_TYPE = YES_ERROR;
				GCC_WARN_UNDECLARED_SELECTOR = YES;
				GCC_WARN_UNINITIALIZED_AUTOS = YES_AGGRESSIVE;
				GCC_WARN_UNUSED_FUNCTION = YES;
				GCC_WARN_UNUSED_VARIABLE = YES;
				IPHONEOS_DEPLOYMENT_TARGET = 9.0;
				MTL_ENABLE_DEBUG_INFO = YES;
				ONLY_ACTIVE_ARCH = YES;
				SDKROOT = iphoneos;
				SWIFT_OPTIMIZATION_LEVEL = "-Onone";
			};
			name = Debug;
		};
		C2066DF71BC570DC00108981 /* Release */ = {
			isa = XCBuildConfiguration;
			buildSettings = {
				ALWAYS_SEARCH_USER_PATHS = NO;
				CLANG_CXX_LANGUAGE_STANDARD = "gnu++0x";
				CLANG_CXX_LIBRARY = "libc++";
				CLANG_ENABLE_MODULES = YES;
				CLANG_ENABLE_OBJC_ARC = YES;
				CLANG_WARN_BOOL_CONVERSION = YES;
				CLANG_WARN_CONSTANT_CONVERSION = YES;
				CLANG_WARN_DIRECT_OBJC_ISA_USAGE = YES_ERROR;
				CLANG_WARN_EMPTY_BODY = YES;
				CLANG_WARN_ENUM_CONVERSION = YES;
				CLANG_WARN_INT_CONVERSION = YES;
				CLANG_WARN_OBJC_ROOT_CLASS = YES_ERROR;
				CLANG_WARN_UNREACHABLE_CODE = YES;
				CLANG_WARN__DUPLICATE_METHOD_MATCH = YES;
				"CODE_SIGN_IDENTITY[sdk=iphoneos*]" = "iPhone Developer";
				COPY_PHASE_STRIP = NO;
				DEBUG_INFORMATION_FORMAT = "dwarf-with-dsym";
				ENABLE_NS_ASSERTIONS = NO;
				ENABLE_STRICT_OBJC_MSGSEND = YES;
				GCC_C_LANGUAGE_STANDARD = gnu99;
				GCC_NO_COMMON_BLOCKS = YES;
				GCC_WARN_64_TO_32_BIT_CONVERSION = YES;
				GCC_WARN_ABOUT_RETURN_TYPE = YES_ERROR;
				GCC_WARN_UNDECLARED_SELECTOR = YES;
				GCC_WARN_UNINITIALIZED_AUTOS = YES_AGGRESSIVE;
				GCC_WARN_UNUSED_FUNCTION = YES;
				GCC_WARN_UNUSED_VARIABLE = YES;
				IPHONEOS_DEPLOYMENT_TARGET = 9.0;
				MTL_ENABLE_DEBUG_INFO = NO;
				SDKROOT = iphoneos;
				VALIDATE_PRODUCT = YES;
			};
			name = Release;
		};
		C2066DF91BC570DC00108981 /* Debug */ = {
			isa = XCBuildConfiguration;
			buildSettings = {
				ASSETCATALOG_COMPILER_APPICON_NAME = AppIcon;
				INFOPLIST_FILE = HackTheCity/Info.plist;
				LD_RUNPATH_SEARCH_PATHS = "$(inherited) @executable_path/Frameworks";
				PRODUCT_BUNDLE_IDENTIFIER = Vidyadhar.HackTheCity;
				PRODUCT_NAME = "$(TARGET_NAME)";
			};
			name = Debug;
		};
		C2066DFA1BC570DC00108981 /* Release */ = {
			isa = XCBuildConfiguration;
			buildSettings = {
				ASSETCATALOG_COMPILER_APPICON_NAME = AppIcon;
				INFOPLIST_FILE = HackTheCity/Info.plist;
				LD_RUNPATH_SEARCH_PATHS = "$(inherited) @executable_path/Frameworks";
				PRODUCT_BUNDLE_IDENTIFIER = Vidyadhar.HackTheCity;
				PRODUCT_NAME = "$(TARGET_NAME)";
			};
			name = Release;
		};
		C2066DFC1BC570DC00108981 /* Debug */ = {
			isa = XCBuildConfiguration;
			buildSettings = {
				BUNDLE_LOADER = "$(TEST_HOST)";
				INFOPLIST_FILE = HackTheCityTests/Info.plist;
				LD_RUNPATH_SEARCH_PATHS = "$(inherited) @executable_path/Frameworks @loader_path/Frameworks";
				PRODUCT_BUNDLE_IDENTIFIER = Vidyadhar.HackTheCityTests;
				PRODUCT_NAME = "$(TARGET_NAME)";
				TEST_HOST = "$(BUILT_PRODUCTS_DIR)/HackTheCity.app/HackTheCity";
			};
			name = Debug;
		};
		C2066DFD1BC570DC00108981 /* Release */ = {
			isa = XCBuildConfiguration;
			buildSettings = {
				BUNDLE_LOADER = "$(TEST_HOST)";
				INFOPLIST_FILE = HackTheCityTests/Info.plist;
				LD_RUNPATH_SEARCH_PATHS = "$(inherited) @executable_path/Frameworks @loader_path/Frameworks";
				PRODUCT_BUNDLE_IDENTIFIER = Vidyadhar.HackTheCityTests;
				PRODUCT_NAME = "$(TARGET_NAME)";
				TEST_HOST = "$(BUILT_PRODUCTS_DIR)/HackTheCity.app/HackTheCity";
			};
			name = Release;
		};
		C2066DFF1BC570DC00108981 /* Debug */ = {
			isa = XCBuildConfiguration;
			buildSettings = {
				INFOPLIST_FILE = HackTheCityUITests/Info.plist;
				LD_RUNPATH_SEARCH_PATHS = "$(inherited) @executable_path/Frameworks @loader_path/Frameworks";
				PRODUCT_BUNDLE_IDENTIFIER = Vidyadhar.HackTheCityUITests;
				PRODUCT_NAME = "$(TARGET_NAME)";
				TEST_TARGET_NAME = HackTheCity;
				USES_XCTRUNNER = YES;
			};
			name = Debug;
		};
		C2066E001BC570DC00108981 /* Release */ = {
			isa = XCBuildConfiguration;
			buildSettings = {
				INFOPLIST_FILE = HackTheCityUITests/Info.plist;
				LD_RUNPATH_SEARCH_PATHS = "$(inherited) @executable_path/Frameworks @loader_path/Frameworks";
				PRODUCT_BUNDLE_IDENTIFIER = Vidyadhar.HackTheCityUITests;
				PRODUCT_NAME = "$(TARGET_NAME)";
				TEST_TARGET_NAME = HackTheCity;
				USES_XCTRUNNER = YES;
			};
			name = Release;
		};
/* End XCBuildConfiguration section */

/* Begin XCConfigurationList section */
		C2066DCB1BC570DB00108981 /* Build configuration list for PBXProject "HackTheCity" */ = {
			isa = XCConfigurationList;
			buildConfigurations = (
				C2066DF61BC570DC00108981 /* Debug */,
				C2066DF71BC570DC00108981 /* Release */,
			);
			defaultConfigurationIsVisible = 0;
			defaultConfigurationName = Release;
		};
		C2066DF81BC570DC00108981 /* Build configuration list for PBXNativeTarget "HackTheCity" */ = {
			isa = XCConfigurationList;
			buildConfigurations = (
				C2066DF91BC570DC00108981 /* Debug */,
				C2066DFA1BC570DC00108981 /* Release */,
			);
			defaultConfigurationIsVisible = 0;
			defaultConfigurationName = Release;
		};
		C2066DFB1BC570DC00108981 /* Build configuration list for PBXNativeTarget "HackTheCityTests" */ = {
			isa = XCConfigurationList;
			buildConfigurations = (
				C2066DFC1BC570DC00108981 /* Debug */,
				C2066DFD1BC570DC00108981 /* Release */,
			);
			defaultConfigurationIsVisible = 0;
			defaultConfigurationName = Release;
		};
		C2066DFE1BC570DC00108981 /* Build configuration list for PBXNativeTarget "HackTheCityUITests" */ = {
			isa = XCConfigurationList;
			buildConfigurations = (
				C2066DFF1BC570DC00108981 /* Debug */,
				C2066E001BC570DC00108981 /* Release */,
			);
			defaultConfigurationIsVisible = 0;
			defaultConfigurationName = Release;
		};
/* End XCConfigurationList section */
	};
	rootObject = C2066DC81BC570DB00108981 /* Project object */;
}
